
Microsoft Visual Studio Solution File, Format Version 12.00
# Visual Studio Version 17
VisualStudioVersion = 17.5.002.0
MinimumVisualStudioVersion = 10.0.40219.1
Project("{9A19103F-16F7-4668-BE54-9A1E7A4F7556}") = "eventLars.Server", "eventLars.Server\eventLars.Server.csproj", "{D7786EA9-A290-4944-BD8C-3F89A2BF4A87}"
EndProject
Global
	GlobalSection(SolutionConfigurationPlatforms) = preSolution
		Debug|Any CPU = Debug|Any CPU
		Release|Any CPU = Release|Any CPU
	EndGlobalSection
	GlobalSection(ProjectConfigurationPlatforms) = postSolution
		{D7786EA9-A290-4944-BD8C-3F89A2BF4A87}.Debug|Any CPU.ActiveCfg = Debug|Any CPU
		{D7786EA9-A290-4944-BD8C-3F89A2BF4A87}.Debug|Any CPU.Build.0 = Debug|Any CPU
		{D7786EA9-A290-4944-BD8C-3F89A2BF4A87}.Release|Any CPU.ActiveCfg = Release|Any CPU
		{D7786EA9-A290-4944-BD8C-3F89A2BF4A87}.Release|Any CPU.Build.0 = Release|Any CPU
	EndGlobalSection
	GlobalSection(SolutionProperties) = preSolution
		HideSolutionNode = FALSE
	EndGlobalSection
	GlobalSection(ExtensibilityGlobals) = postSolution
		SolutionGuid = {37DBA608-5A3F-451F-9089-DB850CF94182}
	EndGlobalSection
EndGlobal
